
Microsoft Visual Studio Solution File, Format Version 12.00
# Visual Studio Version 16
VisualStudioVersion = 16.0.33328.57
MinimumVisualStudioVersion = 10.0.40219.1
Project("{FAE04EC0-301F-11D3-BF4B-00C04F79EFBC}") = "WindowsFormsApp6", "WindowsFormsApp6\WindowsFormsApp6.csproj", "{051EF0C1-47A5-45B8-A386-A1FC84ADB5A3}"
EndProject
Global
	GlobalSection(SolutionConfigurationPlatforms) = preSolution
		Debug|Any CPU = Debug|Any CPU
		Release|Any CPU = Release|Any CPU
	EndGlobalSection
	GlobalSection(ProjectConfigurationPlatforms) = postSolution
		{051EF0C1-47A5-45B8-A386-A1FC84ADB5A3}.Debug|Any CPU.ActiveCfg = Debug|Any CPU
		{051EF0C1-47A5-45B8-A386-A1FC84ADB5A3}.Debug|Any CPU.Build.0 = Debug|Any CPU
		{051EF0C1-47A5-45B8-A386-A1FC84ADB5A3}.Release|Any CPU.ActiveCfg = Release|Any CPU
		{051EF0C1-47A5-45B8-A386-A1FC84ADB5A3}.Release|Any CPU.Build.0 = Release|Any CPU
	EndGlobalSection
	GlobalSection(SolutionProperties) = preSolution
		HideSolutionNode = FALSE
	EndGlobalSection
	GlobalSection(ExtensibilityGlobals) = postSolution
		SolutionGuid = {84D642E0-01FE-4469-B448-86A1308A6110}
	EndGlobalSection
EndGlobal
